
Microsoft Visual Studio Solution File, Format Version 12.00
# Visual Studio 15
VisualStudioVersion = 15.0.28307.421
MinimumVisualStudioVersion = 10.0.40219.1
Project("{8BC9CEB8-8B4A-11D0-8D11-00A0C91BC942}") = "3.5.2019", "3.5.2019\3.5.2019.vcxproj", "{82964A55-FCB6-4A25-B762-C83AFAB2A33E}"
EndProject
Global
	GlobalSection(SolutionConfigurationPlatforms) = preSolution
		Debug|x64 = Debug|x64
		Debug|x86 = Debug|x86
		Release|x64 = Release|x64
		Release|x86 = Release|x86
	EndGlobalSection
	GlobalSection(ProjectConfigurationPlatforms) = postSolution
		{82964A55-FCB6-4A25-B762-C83AFAB2A33E}.Debug|x64.ActiveCfg = Debug|x64
		{82964A55-FCB6-4A25-B762-C83AFAB2A33E}.Debug|x64.Build.0 = Debug|x64
		{82964A55-FCB6-4A25-B762-C83AFAB2A33E}.Debug|x86.ActiveCfg = Debug|Win32
		{82964A55-FCB6-4A25-B762-C83AFAB2A33E}.Debug|x86.Build.0 = Debug|Win32
		{82964A55-FCB6-4A25-B762-C83AFAB2A33E}.Release|x64.ActiveCfg = Release|x64
		{82964A55-FCB6-4A25-B762-C83AFAB2A33E}.Release|x64.Build.0 = Release|x64
		{82964A55-FCB6-4A25-B762-C83AFAB2A33E}.Release|x86.ActiveCfg = Release|Win32
		{82964A55-FCB6-4A25-B762-C83AFAB2A33E}.Release|x86.Build.0 = Release|Win32
	EndGlobalSection
	GlobalSection(SolutionProperties) = preSolution
		HideSolutionNode = FALSE
	EndGlobalSection
	GlobalSection(ExtensibilityGlobals) = postSolution
		SolutionGuid = {A4CBD3D8-BB22-4A0D-B29F-445B9524B974}
	EndGlobalSection
EndGlobal
