
Microsoft Visual Studio Solution File, Format Version 12.00
# Visual Studio 15
VisualStudioVersion = 15.0.28307.329
MinimumVisualStudioVersion = 10.0.40219.1
Project("{8BC9CEB8-8B4A-11D0-8D11-00A0C91BC942}") = "9.02.2019", "9.02.2019\9.02.2019.vcxproj", "{9187F276-97F2-4449-AC4F-B9AA1F771B54}"
EndProject
Global
	GlobalSection(SolutionConfigurationPlatforms) = preSolution
		Debug|x64 = Debug|x64
		Debug|x86 = Debug|x86
		Release|x64 = Release|x64
		Release|x86 = Release|x86
	EndGlobalSection
	GlobalSection(ProjectConfigurationPlatforms) = postSolution
		{9187F276-97F2-4449-AC4F-B9AA1F771B54}.Debug|x64.ActiveCfg = Debug|x64
		{9187F276-97F2-4449-AC4F-B9AA1F771B54}.Debug|x64.Build.0 = Debug|x64
		{9187F276-97F2-4449-AC4F-B9AA1F771B54}.Debug|x86.ActiveCfg = Debug|Win32
		{9187F276-97F2-4449-AC4F-B9AA1F771B54}.Debug|x86.Build.0 = Debug|Win32
		{9187F276-97F2-4449-AC4F-B9AA1F771B54}.Release|x64.ActiveCfg = Release|x64
		{9187F276-97F2-4449-AC4F-B9AA1F771B54}.Release|x64.Build.0 = Release|x64
		{9187F276-97F2-4449-AC4F-B9AA1F771B54}.Release|x86.ActiveCfg = Release|Win32
		{9187F276-97F2-4449-AC4F-B9AA1F771B54}.Release|x86.Build.0 = Release|Win32
	EndGlobalSection
	GlobalSection(SolutionProperties) = preSolution
		HideSolutionNode = FALSE
	EndGlobalSection
	GlobalSection(ExtensibilityGlobals) = postSolution
		SolutionGuid = {A5704271-E6DD-4629-8559-C33E23CCFD78}
	EndGlobalSection
EndGlobal
