
Microsoft Visual Studio Solution File, Format Version 12.00
# Visual Studio 15
VisualStudioVersion = 15.0.28307.102
MinimumVisualStudioVersion = 10.0.40219.1
Project("{8BC9CEB8-8B4A-11D0-8D11-00A0C91BC942}") = "2.5.2019", "2.5.2019\2.5.2019.vcxproj", "{2A76082F-F420-4CA9-B9D6-A2F5E83330F5}"
EndProject
Global
	GlobalSection(SolutionConfigurationPlatforms) = preSolution
		Debug|x64 = Debug|x64
		Debug|x86 = Debug|x86
		Release|x64 = Release|x64
		Release|x86 = Release|x86
	EndGlobalSection
	GlobalSection(ProjectConfigurationPlatforms) = postSolution
		{2A76082F-F420-4CA9-B9D6-A2F5E83330F5}.Debug|x64.ActiveCfg = Debug|x64
		{2A76082F-F420-4CA9-B9D6-A2F5E83330F5}.Debug|x64.Build.0 = Debug|x64
		{2A76082F-F420-4CA9-B9D6-A2F5E83330F5}.Debug|x86.ActiveCfg = Debug|Win32
		{2A76082F-F420-4CA9-B9D6-A2F5E83330F5}.Debug|x86.Build.0 = Debug|Win32
		{2A76082F-F420-4CA9-B9D6-A2F5E83330F5}.Release|x64.ActiveCfg = Release|x64
		{2A76082F-F420-4CA9-B9D6-A2F5E83330F5}.Release|x64.Build.0 = Release|x64
		{2A76082F-F420-4CA9-B9D6-A2F5E83330F5}.Release|x86.ActiveCfg = Release|Win32
		{2A76082F-F420-4CA9-B9D6-A2F5E83330F5}.Release|x86.Build.0 = Release|Win32
	EndGlobalSection
	GlobalSection(SolutionProperties) = preSolution
		HideSolutionNode = FALSE
	EndGlobalSection
	GlobalSection(ExtensibilityGlobals) = postSolution
		SolutionGuid = {0029F3EF-E0BB-48BA-9AF4-6D6F9798FC09}
	EndGlobalSection
EndGlobal
